
Microsoft Visual Studio Solution File, Format Version 12.00
# Visual Studio 15
VisualStudioVersion = 15.0.28307.757
MinimumVisualStudioVersion = 10.0.40219.1
Project("{8BC9CEB8-8B4A-11D0-8D11-00A0C91BC942}") = "SoftRender", "SoftRender\SoftRender.vcxproj", "{43D3D777-443B-4783-A67D-879F94341F0B}"
EndProject
Global
	GlobalSection(SolutionConfigurationPlatforms) = preSolution
		Debug|x64 = Debug|x64
		Debug|x86 = Debug|x86
		Release|x64 = Release|x64
		Release|x86 = Release|x86
	EndGlobalSection
	GlobalSection(ProjectConfigurationPlatforms) = postSolution
		{43D3D777-443B-4783-A67D-879F94341F0B}.Debug|x64.ActiveCfg = Debug|x64
		{43D3D777-443B-4783-A67D-879F94341F0B}.Debug|x64.Build.0 = Debug|x64
		{43D3D777-443B-4783-A67D-879F94341F0B}.Debug|x86.ActiveCfg = Debug|Win32
		{43D3D777-443B-4783-A67D-879F94341F0B}.Debug|x86.Build.0 = Debug|Win32
		{43D3D777-443B-4783-A67D-879F94341F0B}.Release|x64.ActiveCfg = Release|x64
		{43D3D777-443B-4783-A67D-879F94341F0B}.Release|x64.Build.0 = Release|x64
		{43D3D777-443B-4783-A67D-879F94341F0B}.Release|x86.ActiveCfg = Release|Win32
		{43D3D777-443B-4783-A67D-879F94341F0B}.Release|x86.Build.0 = Release|Win32
	EndGlobalSection
	GlobalSection(SolutionProperties) = preSolution
		HideSolutionNode = FALSE
	EndGlobalSection
	GlobalSection(ExtensibilityGlobals) = postSolution
		SolutionGuid = {9D877D13-B0C7-4F47-AD5A-515021FB8485}
	EndGlobalSection
EndGlobal
